
Microsoft Visual Studio Solution File, Format Version 12.00
# Visual Studio 15
VisualStudioVersion = 15.0.27130.2036
MinimumVisualStudioVersion = 10.0.40219.1
Project("{FAE04EC0-301F-11D3-BF4B-00C04F79EFBC}") = "MathOperations", "MathOperations\MathOperations.csproj", "{0E5F9BA1-31FD-42E5-91C9-96F9AF5BFFDE}"
EndProject
Project("{FAE04EC0-301F-11D3-BF4B-00C04F79EFBC}") = "Animals", "Animals\Animals.csproj", "{8C989595-5320-4B23-B8D6-7F834D5EB6A5}"
EndProject
Project("{FAE04EC0-301F-11D3-BF4B-00C04F79EFBC}") = "Shapes", "Shapes\Shapes.csproj", "{8E783E44-804F-4427-BD8A-DCB2348AAA45}"
EndProject
Global
	GlobalSection(SolutionConfigurationPlatforms) = preSolution
		Debug|Any CPU = Debug|Any CPU
		Release|Any CPU = Release|Any CPU
	EndGlobalSection
	GlobalSection(ProjectConfigurationPlatforms) = postSolution
		{0E5F9BA1-31FD-42E5-91C9-96F9AF5BFFDE}.Debug|Any CPU.ActiveCfg = Debug|Any CPU
		{0E5F9BA1-31FD-42E5-91C9-96F9AF5BFFDE}.Debug|Any CPU.Build.0 = Debug|Any CPU
		{0E5F9BA1-31FD-42E5-91C9-96F9AF5BFFDE}.Release|Any CPU.ActiveCfg = Release|Any CPU
		{0E5F9BA1-31FD-42E5-91C9-96F9AF5BFFDE}.Release|Any CPU.Build.0 = Release|Any CPU
		{8C989595-5320-4B23-B8D6-7F834D5EB6A5}.Debug|Any CPU.ActiveCfg = Debug|Any CPU
		{8C989595-5320-4B23-B8D6-7F834D5EB6A5}.Debug|Any CPU.Build.0 = Debug|Any CPU
		{8C989595-5320-4B23-B8D6-7F834D5EB6A5}.Release|Any CPU.ActiveCfg = Release|Any CPU
		{8C989595-5320-4B23-B8D6-7F834D5EB6A5}.Release|Any CPU.Build.0 = Release|Any CPU
		{8E783E44-804F-4427-BD8A-DCB2348AAA45}.Debug|Any CPU.ActiveCfg = Debug|Any CPU
		{8E783E44-804F-4427-BD8A-DCB2348AAA45}.Debug|Any CPU.Build.0 = Debug|Any CPU
		{8E783E44-804F-4427-BD8A-DCB2348AAA45}.Release|Any CPU.ActiveCfg = Release|Any CPU
		{8E783E44-804F-4427-BD8A-DCB2348AAA45}.Release|Any CPU.Build.0 = Release|Any CPU
	EndGlobalSection
	GlobalSection(SolutionProperties) = preSolution
		HideSolutionNode = FALSE
	EndGlobalSection
	GlobalSection(ExtensibilityGlobals) = postSolution
		SolutionGuid = {4F11A064-CFC9-4AD3-98F1-AB51BF40AF1D}
	EndGlobalSection
EndGlobal
