
Microsoft Visual Studio Solution File, Format Version 12.00
# Visual Studio 15
VisualStudioVersion = 15.0.26730.16
MinimumVisualStudioVersion = 10.0.40219.1
Project("{FAE04EC0-301F-11D3-BF4B-00C04F79EFBC}") = "01_Persons", "01_Persons\01_Persons.csproj", "{B6EFB7CF-8232-48AC-B821-D7B04896A517}"
EndProject
Project("{FAE04EC0-301F-11D3-BF4B-00C04F79EFBC}") = "02_Salary", "02_Salary\02_Salary.csproj", "{7519177B-492C-4B57-AB4A-9B5CBB9E82E3}"
EndProject
Project("{FAE04EC0-301F-11D3-BF4B-00C04F79EFBC}") = "03_Validation", "03_Validation\03_Validation.csproj", "{74310B54-E979-42CE-8148-90D8D584676C}"
EndProject
Global
	GlobalSection(SolutionConfigurationPlatforms) = preSolution
		Debug|Any CPU = Debug|Any CPU
		Release|Any CPU = Release|Any CPU
	EndGlobalSection
	GlobalSection(ProjectConfigurationPlatforms) = postSolution
		{B6EFB7CF-8232-48AC-B821-D7B04896A517}.Debug|Any CPU.ActiveCfg = Debug|Any CPU
		{B6EFB7CF-8232-48AC-B821-D7B04896A517}.Debug|Any CPU.Build.0 = Debug|Any CPU
		{B6EFB7CF-8232-48AC-B821-D7B04896A517}.Release|Any CPU.ActiveCfg = Release|Any CPU
		{B6EFB7CF-8232-48AC-B821-D7B04896A517}.Release|Any CPU.Build.0 = Release|Any CPU
		{7519177B-492C-4B57-AB4A-9B5CBB9E82E3}.Debug|Any CPU.ActiveCfg = Debug|Any CPU
		{7519177B-492C-4B57-AB4A-9B5CBB9E82E3}.Debug|Any CPU.Build.0 = Debug|Any CPU
		{7519177B-492C-4B57-AB4A-9B5CBB9E82E3}.Release|Any CPU.ActiveCfg = Release|Any CPU
		{7519177B-492C-4B57-AB4A-9B5CBB9E82E3}.Release|Any CPU.Build.0 = Release|Any CPU
		{74310B54-E979-42CE-8148-90D8D584676C}.Debug|Any CPU.ActiveCfg = Debug|Any CPU
		{74310B54-E979-42CE-8148-90D8D584676C}.Debug|Any CPU.Build.0 = Debug|Any CPU
		{74310B54-E979-42CE-8148-90D8D584676C}.Release|Any CPU.ActiveCfg = Release|Any CPU
		{74310B54-E979-42CE-8148-90D8D584676C}.Release|Any CPU.Build.0 = Release|Any CPU
	EndGlobalSection
	GlobalSection(SolutionProperties) = preSolution
		HideSolutionNode = FALSE
	EndGlobalSection
	GlobalSection(ExtensibilityGlobals) = postSolution
		SolutionGuid = {C308154E-B154-421C-BE2C-8AA07F4EBB91}
	EndGlobalSection
EndGlobal
