
Microsoft Visual Studio Solution File, Format Version 12.00
# Visual Studio 15
VisualStudioVersion = 15.0.27130.2036
MinimumVisualStudioVersion = 10.0.40219.1
Project("{FAE04EC0-301F-11D3-BF4B-00C04F79EFBC}") = "Launcher", "Launcher\Launcher.csproj", "{FB36C126-EB08-4AA3-83A3-34D2C0627FFF}"
EndProject
Global
	GlobalSection(SolutionConfigurationPlatforms) = preSolution
		Debug|Any CPU = Debug|Any CPU
		Release|Any CPU = Release|Any CPU
	EndGlobalSection
	GlobalSection(ProjectConfigurationPlatforms) = postSolution
		{FB36C126-EB08-4AA3-83A3-34D2C0627FFF}.Debug|Any CPU.ActiveCfg = Debug|Any CPU
		{FB36C126-EB08-4AA3-83A3-34D2C0627FFF}.Debug|Any CPU.Build.0 = Debug|Any CPU
		{FB36C126-EB08-4AA3-83A3-34D2C0627FFF}.Release|Any CPU.ActiveCfg = Release|Any CPU
		{FB36C126-EB08-4AA3-83A3-34D2C0627FFF}.Release|Any CPU.Build.0 = Release|Any CPU
	EndGlobalSection
	GlobalSection(SolutionProperties) = preSolution
		HideSolutionNode = FALSE
	EndGlobalSection
	GlobalSection(ExtensibilityGlobals) = postSolution
		SolutionGuid = {15D91694-EB28-4A85-9F71-0A08EFA57F7D}
	EndGlobalSection
EndGlobal
