
Microsoft Visual Studio Solution File, Format Version 12.00
# Visual Studio 15
VisualStudioVersion = 15.0.27130.2036
MinimumVisualStudioVersion = 10.0.40219.1
Project("{9A19103F-16F7-4668-BE54-9A1E7A4F7556}") = "GrandPrix_20180315", "GrandPrix_20180315.csproj", "{1D0BBA1A-8D68-466F-A214-657AFBC66D55}"
EndProject
Global
	GlobalSection(SolutionConfigurationPlatforms) = preSolution
		Debug|Any CPU = Debug|Any CPU
		Release|Any CPU = Release|Any CPU
	EndGlobalSection
	GlobalSection(ProjectConfigurationPlatforms) = postSolution
		{1D0BBA1A-8D68-466F-A214-657AFBC66D55}.Debug|Any CPU.ActiveCfg = Debug|Any CPU
		{1D0BBA1A-8D68-466F-A214-657AFBC66D55}.Debug|Any CPU.Build.0 = Debug|Any CPU
		{1D0BBA1A-8D68-466F-A214-657AFBC66D55}.Release|Any CPU.ActiveCfg = Release|Any CPU
		{1D0BBA1A-8D68-466F-A214-657AFBC66D55}.Release|Any CPU.Build.0 = Release|Any CPU
	EndGlobalSection
	GlobalSection(SolutionProperties) = preSolution
		HideSolutionNode = FALSE
	EndGlobalSection
	GlobalSection(ExtensibilityGlobals) = postSolution
		SolutionGuid = {C5383D03-7191-4092-8059-164E2AD9B3E7}
	EndGlobalSection
EndGlobal
