
Microsoft Visual Studio Solution File, Format Version 12.00
# Visual Studio 15
VisualStudioVersion = 15.0.26730.16
MinimumVisualStudioVersion = 10.0.40219.1
Project("{9A19103F-16F7-4668-BE54-9A1E7A4F7556}") = "P03_JediGalaxy", "P03_JediGalaxy.csproj", "{B369C9C8-7EFD-40CE-B5BF-E947CEAB0328}"
EndProject
Global
	GlobalSection(SolutionConfigurationPlatforms) = preSolution
		Debug|Any CPU = Debug|Any CPU
		Release|Any CPU = Release|Any CPU
	EndGlobalSection
	GlobalSection(ProjectConfigurationPlatforms) = postSolution
		{B369C9C8-7EFD-40CE-B5BF-E947CEAB0328}.Debug|Any CPU.ActiveCfg = Debug|Any CPU
		{B369C9C8-7EFD-40CE-B5BF-E947CEAB0328}.Debug|Any CPU.Build.0 = Debug|Any CPU
		{B369C9C8-7EFD-40CE-B5BF-E947CEAB0328}.Release|Any CPU.ActiveCfg = Release|Any CPU
		{B369C9C8-7EFD-40CE-B5BF-E947CEAB0328}.Release|Any CPU.Build.0 = Release|Any CPU
	EndGlobalSection
	GlobalSection(SolutionProperties) = preSolution
		HideSolutionNode = FALSE
	EndGlobalSection
	GlobalSection(ExtensibilityGlobals) = postSolution
		SolutionGuid = {54719ADA-1BAD-45B0-8E7B-6719963D7399}
	EndGlobalSection
EndGlobal
