
Microsoft Visual Studio Solution File, Format Version 12.00
# Visual Studio 15
VisualStudioVersion = 15.0.26730.16
MinimumVisualStudioVersion = 10.0.40219.1
Project("{9A19103F-16F7-4668-BE54-9A1E7A4F7556}") = "01_RhombusOfStars", "01_RhombusOfStars\01_RhombusOfStars.csproj", "{20635680-6451-4CEB-8A7D-F2B88637F7A3}"
EndProject
Project("{9A19103F-16F7-4668-BE54-9A1E7A4F7556}") = "02_PointInRectangle", "02_PointInRectangle\02_PointInRectangle.csproj", "{FFBA01F2-9BEC-4E50-8ADA-B38D880C38ED}"
EndProject
Project("{FAE04EC0-301F-11D3-BF4B-00C04F79EFBC}") = "04_HotelReservation", "04_HotelReservation\04_HotelReservation.csproj", "{659F3126-7868-42B8-A299-7A6434845C78}"
EndProject
Global
	GlobalSection(SolutionConfigurationPlatforms) = preSolution
		Debug|Any CPU = Debug|Any CPU
		Release|Any CPU = Release|Any CPU
	EndGlobalSection
	GlobalSection(ProjectConfigurationPlatforms) = postSolution
		{20635680-6451-4CEB-8A7D-F2B88637F7A3}.Debug|Any CPU.ActiveCfg = Debug|Any CPU
		{20635680-6451-4CEB-8A7D-F2B88637F7A3}.Debug|Any CPU.Build.0 = Debug|Any CPU
		{20635680-6451-4CEB-8A7D-F2B88637F7A3}.Release|Any CPU.ActiveCfg = Release|Any CPU
		{20635680-6451-4CEB-8A7D-F2B88637F7A3}.Release|Any CPU.Build.0 = Release|Any CPU
		{FFBA01F2-9BEC-4E50-8ADA-B38D880C38ED}.Debug|Any CPU.ActiveCfg = Debug|Any CPU
		{FFBA01F2-9BEC-4E50-8ADA-B38D880C38ED}.Debug|Any CPU.Build.0 = Debug|Any CPU
		{FFBA01F2-9BEC-4E50-8ADA-B38D880C38ED}.Release|Any CPU.ActiveCfg = Release|Any CPU
		{FFBA01F2-9BEC-4E50-8ADA-B38D880C38ED}.Release|Any CPU.Build.0 = Release|Any CPU
		{659F3126-7868-42B8-A299-7A6434845C78}.Debug|Any CPU.ActiveCfg = Debug|Any CPU
		{659F3126-7868-42B8-A299-7A6434845C78}.Debug|Any CPU.Build.0 = Debug|Any CPU
		{659F3126-7868-42B8-A299-7A6434845C78}.Release|Any CPU.ActiveCfg = Release|Any CPU
		{659F3126-7868-42B8-A299-7A6434845C78}.Release|Any CPU.Build.0 = Release|Any CPU
	EndGlobalSection
	GlobalSection(SolutionProperties) = preSolution
		HideSolutionNode = FALSE
	EndGlobalSection
	GlobalSection(ExtensibilityGlobals) = postSolution
		SolutionGuid = {5C04080C-7E9E-40D6-A4D2-99CF695894DD}
	EndGlobalSection
EndGlobal
