
Microsoft Visual Studio Solution File, Format Version 12.00
# Visual Studio 15
VisualStudioVersion = 15.0.26730.16
MinimumVisualStudioVersion = 10.0.40219.1
Project("{FAE04EC0-301F-11D3-BF4B-00C04F79EFBC}") = "01_ReverseNumbers", "01_ReverseNumbers\01_ReverseNumbers.csproj", "{D34BC2EC-75CB-4325-A49C-474D248E91DD}"
EndProject
Project("{FAE04EC0-301F-11D3-BF4B-00C04F79EFBC}") = "02_BasicStackOperations", "02_BasicStackOperations\02_BasicStackOperations.csproj", "{1D644EFD-3CEF-461B-9B56-37347E0CB267}"
EndProject
Project("{FAE04EC0-301F-11D3-BF4B-00C04F79EFBC}") = "03_MaximumElement", "03_MaximumElement\03_MaximumElement.csproj", "{76CF63A4-CB27-4C6A-9391-CD985FD6E1D6}"
EndProject
Global
	GlobalSection(SolutionConfigurationPlatforms) = preSolution
		Debug|Any CPU = Debug|Any CPU
		Release|Any CPU = Release|Any CPU
	EndGlobalSection
	GlobalSection(ProjectConfigurationPlatforms) = postSolution
		{D34BC2EC-75CB-4325-A49C-474D248E91DD}.Debug|Any CPU.ActiveCfg = Debug|Any CPU
		{D34BC2EC-75CB-4325-A49C-474D248E91DD}.Debug|Any CPU.Build.0 = Debug|Any CPU
		{D34BC2EC-75CB-4325-A49C-474D248E91DD}.Release|Any CPU.ActiveCfg = Release|Any CPU
		{D34BC2EC-75CB-4325-A49C-474D248E91DD}.Release|Any CPU.Build.0 = Release|Any CPU
		{1D644EFD-3CEF-461B-9B56-37347E0CB267}.Debug|Any CPU.ActiveCfg = Debug|Any CPU
		{1D644EFD-3CEF-461B-9B56-37347E0CB267}.Debug|Any CPU.Build.0 = Debug|Any CPU
		{1D644EFD-3CEF-461B-9B56-37347E0CB267}.Release|Any CPU.ActiveCfg = Release|Any CPU
		{1D644EFD-3CEF-461B-9B56-37347E0CB267}.Release|Any CPU.Build.0 = Release|Any CPU
		{76CF63A4-CB27-4C6A-9391-CD985FD6E1D6}.Debug|Any CPU.ActiveCfg = Debug|Any CPU
		{76CF63A4-CB27-4C6A-9391-CD985FD6E1D6}.Debug|Any CPU.Build.0 = Debug|Any CPU
		{76CF63A4-CB27-4C6A-9391-CD985FD6E1D6}.Release|Any CPU.ActiveCfg = Release|Any CPU
		{76CF63A4-CB27-4C6A-9391-CD985FD6E1D6}.Release|Any CPU.Build.0 = Release|Any CPU
	EndGlobalSection
	GlobalSection(SolutionProperties) = preSolution
		HideSolutionNode = FALSE
	EndGlobalSection
	GlobalSection(ExtensibilityGlobals) = postSolution
		SolutionGuid = {CC85610A-E7CF-4001-9575-FBFE8355E8B8}
	EndGlobalSection
EndGlobal
