
Microsoft Visual Studio Solution File, Format Version 12.00
# Visual Studio 15
VisualStudioVersion = 15.0.26730.16
MinimumVisualStudioVersion = 10.0.40219.1
Project("{FAE04EC0-301F-11D3-BF4B-00C04F79EFBC}") = "01_ReverseStrings", "01_ReverseStrings\01_ReverseStrings.csproj", "{ED969020-0935-4AD0-B356-D2ABE9BB920E}"
EndProject
Project("{FAE04EC0-301F-11D3-BF4B-00C04F79EFBC}") = "02_SimpleCalculator", "02_SimpleCalculator\02_SimpleCalculator.csproj", "{67DFA0D2-EFDB-4D1C-9F9F-256AD0915DF6}"
EndProject
Project("{FAE04EC0-301F-11D3-BF4B-00C04F79EFBC}") = "03_DecimalToBinaryConverter", "03_DecimalToBinaryConverter\03_DecimalToBinaryConverter.csproj", "{83506F8F-FB56-47C4-A32B-1C4AFBC12657}"
EndProject
Project("{FAE04EC0-301F-11D3-BF4B-00C04F79EFBC}") = "04_MatchingBrackets", "04_MatchingBrackets\04_MatchingBrackets.csproj", "{0D3ECB63-1687-4E3E-B19F-53A584FDFC59}"
EndProject
Project("{FAE04EC0-301F-11D3-BF4B-00C04F79EFBC}") = "05_HotPotato", "05_HotPotato\05_HotPotato.csproj", "{04387037-1D55-4FF9-8174-DDF895DE9DEB}"
EndProject
Project("{FAE04EC0-301F-11D3-BF4B-00C04F79EFBC}") = "06_TrafficJam", "06_TrafficJam\06_TrafficJam.csproj", "{8E2C6A5C-F5BE-4B6F-A730-F291587B4216}"
EndProject
Global
	GlobalSection(SolutionConfigurationPlatforms) = preSolution
		Debug|Any CPU = Debug|Any CPU
		Release|Any CPU = Release|Any CPU
	EndGlobalSection
	GlobalSection(ProjectConfigurationPlatforms) = postSolution
		{ED969020-0935-4AD0-B356-D2ABE9BB920E}.Debug|Any CPU.ActiveCfg = Debug|Any CPU
		{ED969020-0935-4AD0-B356-D2ABE9BB920E}.Debug|Any CPU.Build.0 = Debug|Any CPU
		{ED969020-0935-4AD0-B356-D2ABE9BB920E}.Release|Any CPU.ActiveCfg = Release|Any CPU
		{ED969020-0935-4AD0-B356-D2ABE9BB920E}.Release|Any CPU.Build.0 = Release|Any CPU
		{67DFA0D2-EFDB-4D1C-9F9F-256AD0915DF6}.Debug|Any CPU.ActiveCfg = Debug|Any CPU
		{67DFA0D2-EFDB-4D1C-9F9F-256AD0915DF6}.Debug|Any CPU.Build.0 = Debug|Any CPU
		{67DFA0D2-EFDB-4D1C-9F9F-256AD0915DF6}.Release|Any CPU.ActiveCfg = Release|Any CPU
		{67DFA0D2-EFDB-4D1C-9F9F-256AD0915DF6}.Release|Any CPU.Build.0 = Release|Any CPU
		{83506F8F-FB56-47C4-A32B-1C4AFBC12657}.Debug|Any CPU.ActiveCfg = Debug|Any CPU
		{83506F8F-FB56-47C4-A32B-1C4AFBC12657}.Debug|Any CPU.Build.0 = Debug|Any CPU
		{83506F8F-FB56-47C4-A32B-1C4AFBC12657}.Release|Any CPU.ActiveCfg = Release|Any CPU
		{83506F8F-FB56-47C4-A32B-1C4AFBC12657}.Release|Any CPU.Build.0 = Release|Any CPU
		{0D3ECB63-1687-4E3E-B19F-53A584FDFC59}.Debug|Any CPU.ActiveCfg = Debug|Any CPU
		{0D3ECB63-1687-4E3E-B19F-53A584FDFC59}.Debug|Any CPU.Build.0 = Debug|Any CPU
		{0D3ECB63-1687-4E3E-B19F-53A584FDFC59}.Release|Any CPU.ActiveCfg = Release|Any CPU
		{0D3ECB63-1687-4E3E-B19F-53A584FDFC59}.Release|Any CPU.Build.0 = Release|Any CPU
		{04387037-1D55-4FF9-8174-DDF895DE9DEB}.Debug|Any CPU.ActiveCfg = Debug|Any CPU
		{04387037-1D55-4FF9-8174-DDF895DE9DEB}.Debug|Any CPU.Build.0 = Debug|Any CPU
		{04387037-1D55-4FF9-8174-DDF895DE9DEB}.Release|Any CPU.ActiveCfg = Release|Any CPU
		{04387037-1D55-4FF9-8174-DDF895DE9DEB}.Release|Any CPU.Build.0 = Release|Any CPU
		{8E2C6A5C-F5BE-4B6F-A730-F291587B4216}.Debug|Any CPU.ActiveCfg = Debug|Any CPU
		{8E2C6A5C-F5BE-4B6F-A730-F291587B4216}.Debug|Any CPU.Build.0 = Debug|Any CPU
		{8E2C6A5C-F5BE-4B6F-A730-F291587B4216}.Release|Any CPU.ActiveCfg = Release|Any CPU
		{8E2C6A5C-F5BE-4B6F-A730-F291587B4216}.Release|Any CPU.Build.0 = Release|Any CPU
	EndGlobalSection
	GlobalSection(SolutionProperties) = preSolution
		HideSolutionNode = FALSE
	EndGlobalSection
	GlobalSection(ExtensibilityGlobals) = postSolution
		SolutionGuid = {FB142D0F-38B2-4605-A4CB-6C086B1053C5}
	EndGlobalSection
EndGlobal
