
Microsoft Visual Studio Solution File, Format Version 12.00
# Visual Studio 15
VisualStudioVersion = 15.0.26730.16
MinimumVisualStudioVersion = 10.0.40219.1
Project("{9A19103F-16F7-4668-BE54-9A1E7A4F7556}") = "P01_RawData", "P01_RawData.csproj", "{7159EE13-91C5-42F8-ABC2-23727610C66C}"
EndProject
Global
	GlobalSection(SolutionConfigurationPlatforms) = preSolution
		Debug|Any CPU = Debug|Any CPU
		Release|Any CPU = Release|Any CPU
	EndGlobalSection
	GlobalSection(ProjectConfigurationPlatforms) = postSolution
		{7159EE13-91C5-42F8-ABC2-23727610C66C}.Debug|Any CPU.ActiveCfg = Debug|Any CPU
		{7159EE13-91C5-42F8-ABC2-23727610C66C}.Debug|Any CPU.Build.0 = Debug|Any CPU
		{7159EE13-91C5-42F8-ABC2-23727610C66C}.Release|Any CPU.ActiveCfg = Release|Any CPU
		{7159EE13-91C5-42F8-ABC2-23727610C66C}.Release|Any CPU.Build.0 = Release|Any CPU
	EndGlobalSection
	GlobalSection(SolutionProperties) = preSolution
		HideSolutionNode = FALSE
	EndGlobalSection
	GlobalSection(ExtensibilityGlobals) = postSolution
		SolutionGuid = {B37BD0EB-0620-4891-B3D4-CFDB10C8B6B0}
	EndGlobalSection
EndGlobal
